
Microsoft Visual Studio Solution File, Format Version 12.00
# Visual Studio 14
VisualStudioVersion = 14.0.25420.1
MinimumVisualStudioVersion = 10.0.40219.1
Project("{FAE04EC0-301F-11D3-BF4B-00C04F79EFBC}") = "TcpServer", "TcpServer\TcpServer.csproj", "{1079F4F7-E5A1-498B-AB26-6BF3555876C0}"
EndProject
Project("{FAE04EC0-301F-11D3-BF4B-00C04F79EFBC}") = "TcpClientProgram", "TcpClient\TcpClientProgram.csproj", "{25519FBA-AC2D-44F2-8AC4-A634F70B5080}"
EndProject
Global
	GlobalSection(SolutionConfigurationPlatforms) = preSolution
		Debug|Any CPU = Debug|Any CPU
		Debug|x86 = Debug|x86
		Release|Any CPU = Release|Any CPU
		Release|x86 = Release|x86
	EndGlobalSection
	GlobalSection(ProjectConfigurationPlatforms) = postSolution
		{1079F4F7-E5A1-498B-AB26-6BF3555876C0}.Debug|Any CPU.ActiveCfg = Debug|x86
		{1079F4F7-E5A1-498B-AB26-6BF3555876C0}.Debug|x86.ActiveCfg = Debug|x86
		{1079F4F7-E5A1-498B-AB26-6BF3555876C0}.Debug|x86.Build.0 = Debug|x86
		{1079F4F7-E5A1-498B-AB26-6BF3555876C0}.Release|Any CPU.ActiveCfg = Release|x86
		{1079F4F7-E5A1-498B-AB26-6BF3555876C0}.Release|x86.ActiveCfg = Release|x86
		{1079F4F7-E5A1-498B-AB26-6BF3555876C0}.Release|x86.Build.0 = Release|x86
		{25519FBA-AC2D-44F2-8AC4-A634F70B5080}.Debug|Any CPU.ActiveCfg = Debug|x86
		{25519FBA-AC2D-44F2-8AC4-A634F70B5080}.Debug|x86.ActiveCfg = Debug|x86
		{25519FBA-AC2D-44F2-8AC4-A634F70B5080}.Debug|x86.Build.0 = Debug|x86
		{25519FBA-AC2D-44F2-8AC4-A634F70B5080}.Release|Any CPU.ActiveCfg = Release|x86
		{25519FBA-AC2D-44F2-8AC4-A634F70B5080}.Release|x86.ActiveCfg = Release|x86
		{25519FBA-AC2D-44F2-8AC4-A634F70B5080}.Release|x86.Build.0 = Release|x86
	EndGlobalSection
	GlobalSection(SolutionProperties) = preSolution
		HideSolutionNode = FALSE
	EndGlobalSection
EndGlobal
